<?xml version="1.0" encoding="utf-8"?>
<Project ToolsVersion="4.0" xmlns="http://schemas.microsoft.com/developer/msbuild/2003">
  <ItemGroup>
    <Filter Include="File di origine">
      <UniqueIdentifier>{4FC737F1-C7A5-4376-A066-2A32D752A2FF}</UniqueIdentifier>
      <Extensions>cpp;c;cc;cxx;def;odl;idl;hpj;bat;asm;asmx</Extensions>
    </Filter>
    <Filter Include="File di intestazione">
      <UniqueIdentifier>{93995380-89BD-4b04-88EB-625FBE52EBFB}</UniqueIdentifier>
      <Extensions>h;hh;hpp;hxx;hm;inl;inc;xsd</Extensions>
    </Filter>
    <Filter Include="File di risorse">
      <UniqueIdentifier>{67DA6AB6-F800-4c08-8B7A-83BB121AAD01}</UniqueIdentifier>
      <Extensions>rc;ico;cur;bmp;dlg;rc2;rct;bin;rgs;gif;jpg;jpeg;jpe;resx;tiff;tif;png;wav;mfcribbon-ms</Extensions>
    </Filter>
  </ItemGroup>
  <ItemGroup>
    <ClInclude Include="MyApp.h">
      <Filter>File di intestazione</Filter>
    </ClInclude>
    <ClInclude Include="OrderListCtrl.h">
      <Filter>File di intestazione</Filter>
    </ClInclude>
    <ClInclude Include="order_generator.h">
      <Filter>File di intestazione</Filter>
    </ClInclude>
    <ClInclude Include="Order.h">
      <Filter>File di intestazione</Filter>
    </ClInclude>
    <ClInclude Include="aeron_client.h">
      <Filter>File di intestazione</Filter>
    </ClInclude>
    <ClInclude Include="order_service.h">
      <Filter>File di intestazione</Filter>
    </ClInclude>
    <ClInclude Include="order_repository.h">
      <Filter>File di intestazione</Filter>
    </ClInclude>
    <ClInclude Include="constants.h">
      <Filter>File di intestazione</Filter>
    </ClInclude>
    <ClInclude Include="utils.h">
      <Filter>File di intestazione</Filter>
    </ClInclude>
    <ClInclude Include="sqlite3.h">
      <Filter>File di intestazione</Filter>
    </ClInclude>
    <ClInclude Include="sqlite3ext.h">
      <Filter>File di intestazione</Filter>
    </ClInclude>
    <ClInclude Include="sqlite_db.h">
      <Filter>File di intestazione</Filter>
    </ClInclude>
    <ClInclude Include="query_constraints.h">
      <Filter>File di intestazione</Filter>
    </ClInclude>
    <ClInclude Include="paginator.h">
      <Filter>File di intestazione</Filter>
    </ClInclude>
    <ClInclude Include="orders_controller.h">
      <Filter>File di intestazione</Filter>
    </ClInclude>
    <ClInclude Include="orders_view.h">
      <Filter>File di intestazione</Filter>
    </ClInclude>
    <ClInclude Include="aeron_exceptions.h">
      <Filter>File di intestazione</Filter>
    </ClInclude>
    <ClInclude Include="formatters.h">
      <Filter>File di intestazione</Filter>
    </ClInclude>
    <ClInclude Include="my_printing.h">
      <Filter>File di intestazione</Filter>
    </ClInclude>
    <ClInclude Include="config.h">
      <Filter>File di intestazione</Filter>
    </ClInclude>
    <ClInclude Include="resource.h">
      <Filter>File di intestazione</Filter>
    </ClInclude>
    <ClInclude Include="i_orders_controller.h">
      <Filter>File di intestazione</Filter>
    </ClInclude>
    <ClInclude Include="version.h">
      <Filter>File di intestazione</Filter>
    </ClInclude>
    <ClInclude Include="order_paginator.h">
      <Filter>File di intestazione</Filter>
    </ClInclude>
  </ItemGroup>
  <ItemGroup>
    <ClCompile Include="MyApp.cpp">
      <Filter>File di origine</Filter>
    </ClCompile>
    <ClCompile Include="Order.cpp">
      <Filter>File di origine</Filter>
    </ClCompile>
    <ClCompile Include="OrderListCtrl.cpp">
      <Filter>File di origine</Filter>
    </ClCompile>
    <ClCompile Include="order_generator.cpp">
      <Filter>File di origine</Filter>
    </ClCompile>
    <ClCompile Include="aeron_client.cpp">
      <Filter>File di origine</Filter>
    </ClCompile>
    <ClCompile Include="order_service.cpp">
      <Filter>File di origine</Filter>
    </ClCompile>
    <ClCompile Include="order_repository.cpp">
      <Filter>File di origine</Filter>
    </ClCompile>
    <ClCompile Include="utils.cpp">
      <Filter>File di origine</Filter>
    </ClCompile>
    <ClCompile Include="sqlite3.c">
      <Filter>File di origine</Filter>
    </ClCompile>
    <ClCompile Include="sqlite_db.cpp">
      <Filter>File di origine</Filter>
    </ClCompile>
    <ClCompile Include="query_constraints.cpp">
      <Filter>File di origine</Filter>
    </ClCompile>
    <ClCompile Include="orders_controller.cpp">
      <Filter>File di origine</Filter>
    </ClCompile>
    <ClCompile Include="orders_view.cpp">
      <Filter>File di origine</Filter>
    </ClCompile>
    <ClCompile Include="formatters.cpp">
      <Filter>File di origine</Filter>
    </ClCompile>
    <ClCompile Include="my_printing.cpp">
      <Filter>File di origine</Filter>
    </ClCompile>
    <ClCompile Include="config.cpp">
      <Filter>File di origine</Filter>
    </ClCompile>
    <ClCompile Include="i_orders_controller.cpp">
      <Filter>File di origine</Filter>
    </ClCompile>
    <ClCompile Include="version.cpp">
      <Filter>File di origine</Filter>
    </ClCompile>
    <ClCompile Include="order_paginator.cpp">
      <Filter>File di origine</Filter>
    </ClCompile>
  </ItemGroup>
  <ItemGroup>
    <None Include="..\..\setup.iss" />
    <None Include="packages.config" />
  </ItemGroup>
  <ItemGroup>
    <ResourceCompile Include="AeronPrint.rc">
      <Filter>File di risorse</Filter>
    </ResourceCompile>
  </ItemGroup>
  <ItemGroup>
    <Image Include="exit.png">
      <Filter>File di risorse</Filter>
    </Image>
    <Image Include="aeg2000.ico">
      <Filter>File di risorse</Filter>
    </Image>
  </ItemGroup>
</Project>