
Microsoft Visual Studio Solution File, Format Version 12.00
# Visual Studio 14
VisualStudioVersion = 14.0.23107.0
MinimumVisualStudioVersion = 10.0.40219.1
Project("{8BC9CEB8-8B4A-11D0-8D11-00A0C91BC942}") = "AeronPrint", "AeronPrint\AeronPrint.vcxproj", "{428D8184-FA6C-490A-90FA-990F76503C25}"
EndProject
Project("{8BC9CEB8-8B4A-11D0-8D11-00A0C91BC942}") = "AeronPrintTest", "AeronPrintTest\AeronPrintTest.vcxproj", "{B331F2A4-B53B-40A7-A72A-A33241A4DDB8}"
EndProject
Global
	GlobalSection(SolutionConfigurationPlatforms) = preSolution
		Debug|x64 = Debug|x64
		Debug|x86 = Debug|x86
		Release|x64 = Release|x64
		Release|x86 = Release|x86
	EndGlobalSection
	GlobalSection(ProjectConfigurationPlatforms) = postSolution
		{428D8184-FA6C-490A-90FA-990F76503C25}.Debug|x64.ActiveCfg = Debug|x64
		{428D8184-FA6C-490A-90FA-990F76503C25}.Debug|x64.Build.0 = Debug|x64
		{428D8184-FA6C-490A-90FA-990F76503C25}.Debug|x86.ActiveCfg = Debug|Win32
		{428D8184-FA6C-490A-90FA-990F76503C25}.Debug|x86.Build.0 = Debug|Win32
		{428D8184-FA6C-490A-90FA-990F76503C25}.Release|x64.ActiveCfg = Release|x64
		{428D8184-FA6C-490A-90FA-990F76503C25}.Release|x64.Build.0 = Release|x64
		{428D8184-FA6C-490A-90FA-990F76503C25}.Release|x86.ActiveCfg = Release|Win32
		{428D8184-FA6C-490A-90FA-990F76503C25}.Release|x86.Build.0 = Release|Win32
		{B331F2A4-B53B-40A7-A72A-A33241A4DDB8}.Debug|x64.ActiveCfg = Debug|x64
		{B331F2A4-B53B-40A7-A72A-A33241A4DDB8}.Debug|x64.Build.0 = Debug|x64
		{B331F2A4-B53B-40A7-A72A-A33241A4DDB8}.Debug|x86.ActiveCfg = Debug|Win32
		{B331F2A4-B53B-40A7-A72A-A33241A4DDB8}.Debug|x86.Build.0 = Debug|Win32
		{B331F2A4-B53B-40A7-A72A-A33241A4DDB8}.Release|x64.ActiveCfg = Release|x64
		{B331F2A4-B53B-40A7-A72A-A33241A4DDB8}.Release|x64.Build.0 = Release|x64
		{B331F2A4-B53B-40A7-A72A-A33241A4DDB8}.Release|x86.ActiveCfg = Release|Win32
		{B331F2A4-B53B-40A7-A72A-A33241A4DDB8}.Release|x86.Build.0 = Release|Win32
	EndGlobalSection
	GlobalSection(SolutionProperties) = preSolution
		HideSolutionNode = FALSE
	EndGlobalSection
EndGlobal
